
Microsoft Visual Studio Solution File, Format Version 12.00
# Visual Studio Version 17
VisualStudioVersion = 17.5.33502.453
MinimumVisualStudioVersion = 10.0.40219.1
Project("{FAE04EC0-301F-11D3-BF4B-00C04F79EFBC}") = "Koledar", "Koledar\Koledar.csproj", "{00E056A1-5734-422D-B19A-7268E9FB963B}"
EndProject
Project("{FAE04EC0-301F-11D3-BF4B-00C04F79EFBC}") = "UnitTest", "UnitTest\UnitTest.csproj", "{CE9BA9B4-526C-4206-AD87-2F2782333C51}"
EndProject
Global
	GlobalSection(SolutionConfigurationPlatforms) = preSolution
		Debug|Any CPU = Debug|Any CPU
		Release|Any CPU = Release|Any CPU
	EndGlobalSection
	GlobalSection(ProjectConfigurationPlatforms) = postSolution
		{00E056A1-5734-422D-B19A-7268E9FB963B}.Debug|Any CPU.ActiveCfg = Debug|Any CPU
		{00E056A1-5734-422D-B19A-7268E9FB963B}.Debug|Any CPU.Build.0 = Debug|Any CPU
		{00E056A1-5734-422D-B19A-7268E9FB963B}.Release|Any CPU.ActiveCfg = Release|Any CPU
		{00E056A1-5734-422D-B19A-7268E9FB963B}.Release|Any CPU.Build.0 = Release|Any CPU
		{CE9BA9B4-526C-4206-AD87-2F2782333C51}.Debug|Any CPU.ActiveCfg = Debug|Any CPU
		{CE9BA9B4-526C-4206-AD87-2F2782333C51}.Debug|Any CPU.Build.0 = Debug|Any CPU
		{CE9BA9B4-526C-4206-AD87-2F2782333C51}.Release|Any CPU.ActiveCfg = Release|Any CPU
		{CE9BA9B4-526C-4206-AD87-2F2782333C51}.Release|Any CPU.Build.0 = Release|Any CPU
	EndGlobalSection
	GlobalSection(SolutionProperties) = preSolution
		HideSolutionNode = FALSE
	EndGlobalSection
	GlobalSection(ExtensibilityGlobals) = postSolution
		SolutionGuid = {99256B97-4223-42C6-BDBA-907BBF6B19B7}
	EndGlobalSection
EndGlobal
